// !$*UTF8*$!
{
	archiveVersion = 1;
	classes = {
	};
	objectVersion = 55;
	objects = {

/* Begin PBXBuildFile section */
		061FFD6328CBD66C003F9FDA /* CarouselView.swift in Sources */ = {isa = PBXBuildFile; fileRef = 061FFD6228CBD66C003F9FDA /* CarouselView.swift */; };
		063C8AA028D241DC0053054B /* GraphView.swift in Sources */ = {isa = PBXBuildFile; fileRef = 063C8A9F28D241DC0053054B /* GraphView.swift */; };
		063C8AA428D249280053054B /* WeakGoalsView.swift in Sources */ = {isa = PBXBuildFile; fileRef = 063C8AA328D249280053054B /* WeakGoalsView.swift */; };
		063C8AA628D2661C0053054B /* ChartPieViewModel.swift in Sources */ = {isa = PBXBuildFile; fileRef = 063C8AA528D2661C0053054B /* ChartPieViewModel.swift */; };
		063C8AA828D266410053054B /* ChartData.swift in Sources */ = {isa = PBXBuildFile; fileRef = 063C8AA728D266410053054B /* ChartData.swift */; };
		06449BEB28C2921E00035324 /* MacroApp.swift in Sources */ = {isa = PBXBuildFile; fileRef = 06449BEA28C2921E00035324 /* MacroApp.swift */; };
		06449BED28C2921E00035324 /* GoalsView.swift in Sources */ = {isa = PBXBuildFile; fileRef = 06449BEC28C2921E00035324 /* GoalsView.swift */; };
		06449BEF28C2921F00035324 /* Assets.xcassets in Resources */ = {isa = PBXBuildFile; fileRef = 06449BEE28C2921F00035324 /* Assets.xcassets */; };
		06449BF228C2921F00035324 /* Preview Assets.xcassets in Resources */ = {isa = PBXBuildFile; fileRef = 06449BF128C2921F00035324 /* Preview Assets.xcassets */; };
		06449BFC28C2921F00035324 /* MacroTests.swift in Sources */ = {isa = PBXBuildFile; fileRef = 06449BFB28C2921F00035324 /* MacroTests.swift */; };
		06449C0628C2922000035324 /* MacroUITests.swift in Sources */ = {isa = PBXBuildFile; fileRef = 06449C0528C2922000035324 /* MacroUITests.swift */; };
		06449C0828C2922000035324 /* MacroUITestsLaunchTests.swift in Sources */ = {isa = PBXBuildFile; fileRef = 06449C0728C2922000035324 /* MacroUITestsLaunchTests.swift */; };
		06449C1628C2957F00035324 /* .swiftlint.yml in Resources */ = {isa = PBXBuildFile; fileRef = 06449C1528C2957F00035324 /* .swiftlint.yml */; };
		06449C1E28C29B6600035324 /* HomeView.swift in Sources */ = {isa = PBXBuildFile; fileRef = 06449C1D28C29B6600035324 /* HomeView.swift */; };
		06449C2028C29BCC00035324 /* SpentView.swift in Sources */ = {isa = PBXBuildFile; fileRef = 06449C1F28C29BCC00035324 /* SpentView.swift */; };
		06449C2228C29BFB00035324 /* SettingsView.swift in Sources */ = {isa = PBXBuildFile; fileRef = 06449C2128C29BFB00035324 /* SettingsView.swift */; };
		06449C2828C29C4700035324 /* GoalCardView.swift in Sources */ = {isa = PBXBuildFile; fileRef = 06449C2728C29C4700035324 /* GoalCardView.swift */; };
		06449C2A28C29C5D00035324 /* SpentsCardView.swift in Sources */ = {isa = PBXBuildFile; fileRef = 06449C2928C29C5D00035324 /* SpentsCardView.swift */; };
		06449C3228C29D3400035324 /* SpentsDetailsCardView.swift in Sources */ = {isa = PBXBuildFile; fileRef = 06449C3128C29D3400035324 /* SpentsDetailsCardView.swift */; };
		06449C3A28C29E2200035324 /* HomeViewModel.swift in Sources */ = {isa = PBXBuildFile; fileRef = 06449C3928C29E2200035324 /* HomeViewModel.swift */; };
		06449C3C28C29E4100035324 /* SpentViewModel.swift in Sources */ = {isa = PBXBuildFile; fileRef = 06449C3B28C29E4100035324 /* SpentViewModel.swift */; };
		06449C3E28C29E5D00035324 /* GoalViewModel.swift in Sources */ = {isa = PBXBuildFile; fileRef = 06449C3D28C29E5D00035324 /* GoalViewModel.swift */; };
		06449C4028C29E8300035324 /* SettingsViewModel.swift in Sources */ = {isa = PBXBuildFile; fileRef = 06449C3F28C29E8300035324 /* SettingsViewModel.swift */; };
		06449C4228C29EA400035324 /* Goal.swift in Sources */ = {isa = PBXBuildFile; fileRef = 06449C4128C29EA400035324 /* Goal.swift */; };
		06449C4428C29EB400035324 /* Spent.swift in Sources */ = {isa = PBXBuildFile; fileRef = 06449C4328C29EB400035324 /* Spent.swift */; };
		06449C4628C29EC000035324 /* User.swift in Sources */ = {isa = PBXBuildFile; fileRef = 06449C4528C29EC000035324 /* User.swift */; };
		06449C4828C29F1100035324 /* CloudModel.swift in Sources */ = {isa = PBXBuildFile; fileRef = 06449C4728C29F1100035324 /* CloudModel.swift */; };
		06449C4B28C2A19000035324 /* EnumCategoryPercent.swift in Sources */ = {isa = PBXBuildFile; fileRef = 06449C4A28C2A19000035324 /* EnumCategoryPercent.swift */; };
		06449C4D28C2A2DC00035324 /* MethodologySpent.swift in Sources */ = {isa = PBXBuildFile; fileRef = 06449C4C28C2A2DC00035324 /* MethodologySpent.swift */; };
		06449C5028C2A45C00035324 /* MethodologyGoal.swift in Sources */ = {isa = PBXBuildFile; fileRef = 06449C4F28C2A45C00035324 /* MethodologyGoal.swift */; };
		06449C5528C2A66800035324 /* CloudKit.framework in Frameworks */ = {isa = PBXBuildFile; fileRef = 06449C5428C2A66800035324 /* CloudKit.framework */; };
		065E258728CFBE7700EEAFAD /* UIScreen.swift in Sources */ = {isa = PBXBuildFile; fileRef = 065E258628CFBE7700EEAFAD /* UIScreen.swift */; };
		065F765A28E60A09003526CF /* AppDelegate.swift in Sources */ = {isa = PBXBuildFile; fileRef = 065F765928E60A09003526CF /* AppDelegate.swift */; };
		0688A9D228C7B7B2001044A6 /* SharedZone.swift in Sources */ = {isa = PBXBuildFile; fileRef = 0688A9D128C7B7B2001044A6 /* SharedZone.swift */; };
		0688A9D428C7D628001044A6 /* DataModelProtocol.swift in Sources */ = {isa = PBXBuildFile; fileRef = 0688A9D328C7D628001044A6 /* DataModelProtocol.swift */; };
		06D80F2E28DE3FF7006B3E0B /* NextButton.swift in Sources */ = {isa = PBXBuildFile; fileRef = 06D80F2D28DE3FF7006B3E0B /* NextButton.swift */; };
		4A1E6C0B28DE486F00A3B938 /* EnumFonts.swift in Sources */ = {isa = PBXBuildFile; fileRef = 4A1E6C0A28DE486F00A3B938 /* EnumFonts.swift */; };
		5544772A28E23050000C892E /* SkipButton.swift in Sources */ = {isa = PBXBuildFile; fileRef = 5544772928E23050000C892E /* SkipButton.swift */; };
		5544772C28E2307E000C892E /* InfoButton.swift in Sources */ = {isa = PBXBuildFile; fileRef = 5544772B28E2307E000C892E /* InfoButton.swift */; };
		5544773628E231C3000C892E /* OnBoardingView.swift in Sources */ = {isa = PBXBuildFile; fileRef = 5544773528E231C3000C892E /* OnBoardingView.swift */; };
		5544773828E231E9000C892E /* OnBoardingPageTypeOneView.swift in Sources */ = {isa = PBXBuildFile; fileRef = 5544773728E231E9000C892E /* OnBoardingPageTypeOneView.swift */; };
		5544773A28E23216000C892E /* OnBoardingPageTypeTwoView.swift in Sources */ = {isa = PBXBuildFile; fileRef = 5544773928E23216000C892E /* OnBoardingPageTypeTwoView.swift */; };
		5544773C28E2324A000C892E /* EnumButtonText.swift in Sources */ = {isa = PBXBuildFile; fileRef = 5544773B28E2324A000C892E /* EnumButtonText.swift */; };
		5544773E28E2330C000C892E /* OnBoarding.swift in Sources */ = {isa = PBXBuildFile; fileRef = 5544773D28E2330C000C892E /* OnBoarding.swift */; };
		5544774028E23335000C892E /* EnumOnBoardingText.swift in Sources */ = {isa = PBXBuildFile; fileRef = 5544773F28E23335000C892E /* EnumOnBoardingText.swift */; };
		5544774328E233F5000C892E /* OnBoardingPageTypeTwoViewModel.swift in Sources */ = {isa = PBXBuildFile; fileRef = 5544774228E233F5000C892E /* OnBoardingPageTypeTwoViewModel.swift */; };
		5544774528E23415000C892E /* OnBoardingStateViewModel.swift in Sources */ = {isa = PBXBuildFile; fileRef = 5544774428E23415000C892E /* OnBoardingStateViewModel.swift */; };
		5544774728E23483000C892E /* EnumImageName.swift in Sources */ = {isa = PBXBuildFile; fileRef = 5544774628E23483000C892E /* EnumImageName.swift */; };
		554B101F28E4C7E1003DEE7C /* GoalNextButton.swift in Sources */ = {isa = PBXBuildFile; fileRef = 554B101E28E4C7E1003DEE7C /* GoalNextButton.swift */; };
		554B102128E4D603003DEE7C /* FormsGoalsValueView.swift in Sources */ = {isa = PBXBuildFile; fileRef = 554B102028E4D603003DEE7C /* FormsGoalsValueView.swift */; };
		554B102328E4D703003DEE7C /* FormsGoalMotivationView.swift in Sources */ = {isa = PBXBuildFile; fileRef = 554B102228E4D703003DEE7C /* FormsGoalMotivationView.swift */; };
		554B102528E4E40F003DEE7C /* MotivationCard.swift in Sources */ = {isa = PBXBuildFile; fileRef = 554B102428E4E40F003DEE7C /* MotivationCard.swift */; };
		55CF86AA28E63F7600C36B7F /* TemplateTextButton.swift in Sources */ = {isa = PBXBuildFile; fileRef = 55CF86A928E63F7600C36B7F /* TemplateTextButton.swift */; };
		55D19CAE28E76970004F84A8 /* FormsGoalViewModel.swift in Sources */ = {isa = PBXBuildFile; fileRef = 55D19CAD28E76970004F84A8 /* FormsGoalViewModel.swift */; };
		9919974728E76AB10075866D /* SpentsCards.swift in Sources */ = {isa = PBXBuildFile; fileRef = 9919974628E76AB10075866D /* SpentsCards.swift */; };
		9919974928E77E8F0075866D /* EnumSpentsInfo.swift in Sources */ = {isa = PBXBuildFile; fileRef = 9919974828E77E8F0075866D /* EnumSpentsInfo.swift */; };
		997C81B428DA584500C2229D /* ProgressBarCardView.swift in Sources */ = {isa = PBXBuildFile; fileRef = 997C81B328DA584500C2229D /* ProgressBarCardView.swift */; };
		99B2EF4028DE573D00657C53 /* FormsSpentsView.swift in Sources */ = {isa = PBXBuildFile; fileRef = 99B2EF3F28DE573D00657C53 /* FormsSpentsView.swift */; };
		99B2EF4228DE576200657C53 /* FormsGoalsNameView.swift in Sources */ = {isa = PBXBuildFile; fileRef = 99B2EF4128DE576200657C53 /* FormsGoalsNameView.swift */; };
		99B676B728DCD019007C8BC6 /* SF-Pro-Text-Regular.otf in Resources */ = {isa = PBXBuildFile; fileRef = 99B676B628DCD019007C8BC6 /* SF-Pro-Text-Regular.otf */; };
		99B676B928DCD023007C8BC6 /* SF-Pro-Text-Semibold.otf in Resources */ = {isa = PBXBuildFile; fileRef = 99B676B828DCD023007C8BC6 /* SF-Pro-Text-Semibold.otf */; };
		99B676BB28DCD038007C8BC6 /* SF-Pro-Text-Bold.otf in Resources */ = {isa = PBXBuildFile; fileRef = 99B676BA28DCD038007C8BC6 /* SF-Pro-Text-Bold.otf */; };
		99B676BD28DCD319007C8BC6 /* SF-Pro-Text-Medium.otf in Resources */ = {isa = PBXBuildFile; fileRef = 99B676BC28DCD319007C8BC6 /* SF-Pro-Text-Medium.otf */; };
		99B676BF28DCD45F007C8BC6 /* SF-Pro-Text-Light.otf in Resources */ = {isa = PBXBuildFile; fileRef = 99B676BE28DCD45F007C8BC6 /* SF-Pro-Text-Light.otf */; };
		99B676C128DCD57B007C8BC6 /* GoalCardViewModel.swift in Sources */ = {isa = PBXBuildFile; fileRef = 99B676C028DCD57B007C8BC6 /* GoalCardViewModel.swift */; };
		99E4F21028E4BF0000AB24FA /* FormsEditGoals.swift in Sources */ = {isa = PBXBuildFile; fileRef = 99E4F20F28E4BF0000AB24FA /* FormsEditGoals.swift */; };
		99E4F21728E4E13300AB24FA /* SpentCardViewModel.swift in Sources */ = {isa = PBXBuildFile; fileRef = 99E4F21628E4E13300AB24FA /* SpentCardViewModel.swift */; };
/* End PBXBuildFile section */

/* Begin PBXContainerItemProxy section */
		06449BF828C2921F00035324 /* PBXContainerItemProxy */ = {
			isa = PBXContainerItemProxy;
			containerPortal = 06449BDF28C2921E00035324 /* Project object */;
			proxyType = 1;
			remoteGlobalIDString = 06449BE628C2921E00035324;
			remoteInfo = Macro;
		};
		06449C0228C2922000035324 /* PBXContainerItemProxy */ = {
			isa = PBXContainerItemProxy;
			containerPortal = 06449BDF28C2921E00035324 /* Project object */;
			proxyType = 1;
			remoteGlobalIDString = 06449BE628C2921E00035324;
			remoteInfo = Macro;
		};
/* End PBXContainerItemProxy section */

/* Begin PBXFileReference section */
		061FFD6228CBD66C003F9FDA /* CarouselView.swift */ = {isa = PBXFileReference; lastKnownFileType = sourcecode.swift; path = CarouselView.swift; sourceTree = "<group>"; };
		063C8A9F28D241DC0053054B /* GraphView.swift */ = {isa = PBXFileReference; lastKnownFileType = sourcecode.swift; path = GraphView.swift; sourceTree = "<group>"; };
		063C8AA328D249280053054B /* WeakGoalsView.swift */ = {isa = PBXFileReference; lastKnownFileType = sourcecode.swift; path = WeakGoalsView.swift; sourceTree = "<group>"; };
		063C8AA528D2661C0053054B /* ChartPieViewModel.swift */ = {isa = PBXFileReference; lastKnownFileType = sourcecode.swift; path = ChartPieViewModel.swift; sourceTree = "<group>"; };
		063C8AA728D266410053054B /* ChartData.swift */ = {isa = PBXFileReference; lastKnownFileType = sourcecode.swift; path = ChartData.swift; sourceTree = "<group>"; };
		06449BE728C2921E00035324 /* Macro.app */ = {isa = PBXFileReference; explicitFileType = wrapper.application; includeInIndex = 0; path = Macro.app; sourceTree = BUILT_PRODUCTS_DIR; };
		06449BEA28C2921E00035324 /* MacroApp.swift */ = {isa = PBXFileReference; lastKnownFileType = sourcecode.swift; path = MacroApp.swift; sourceTree = "<group>"; };
		06449BEC28C2921E00035324 /* GoalsView.swift */ = {isa = PBXFileReference; lastKnownFileType = sourcecode.swift; path = GoalsView.swift; sourceTree = "<group>"; };
		06449BEE28C2921F00035324 /* Assets.xcassets */ = {isa = PBXFileReference; lastKnownFileType = folder.assetcatalog; path = Assets.xcassets; sourceTree = "<group>"; };
		06449BF128C2921F00035324 /* Preview Assets.xcassets */ = {isa = PBXFileReference; lastKnownFileType = folder.assetcatalog; path = "Preview Assets.xcassets"; sourceTree = "<group>"; };
		06449BF728C2921F00035324 /* MacroTests.xctest */ = {isa = PBXFileReference; explicitFileType = wrapper.cfbundle; includeInIndex = 0; path = MacroTests.xctest; sourceTree = BUILT_PRODUCTS_DIR; };
		06449BFB28C2921F00035324 /* MacroTests.swift */ = {isa = PBXFileReference; lastKnownFileType = sourcecode.swift; path = MacroTests.swift; sourceTree = "<group>"; };
		06449C0128C2922000035324 /* MacroUITests.xctest */ = {isa = PBXFileReference; explicitFileType = wrapper.cfbundle; includeInIndex = 0; path = MacroUITests.xctest; sourceTree = BUILT_PRODUCTS_DIR; };
		06449C0528C2922000035324 /* MacroUITests.swift */ = {isa = PBXFileReference; lastKnownFileType = sourcecode.swift; path = MacroUITests.swift; sourceTree = "<group>"; };
		06449C0728C2922000035324 /* MacroUITestsLaunchTests.swift */ = {isa = PBXFileReference; lastKnownFileType = sourcecode.swift; path = MacroUITestsLaunchTests.swift; sourceTree = "<group>"; };
		06449C1528C2957F00035324 /* .swiftlint.yml */ = {isa = PBXFileReference; lastKnownFileType = text.yaml; path = .swiftlint.yml; sourceTree = "<group>"; };
		06449C1D28C29B6600035324 /* HomeView.swift */ = {isa = PBXFileReference; lastKnownFileType = sourcecode.swift; path = HomeView.swift; sourceTree = "<group>"; };
		06449C1F28C29BCC00035324 /* SpentView.swift */ = {isa = PBXFileReference; lastKnownFileType = sourcecode.swift; path = SpentView.swift; sourceTree = "<group>"; };
		06449C2128C29BFB00035324 /* SettingsView.swift */ = {isa = PBXFileReference; lastKnownFileType = sourcecode.swift; path = SettingsView.swift; sourceTree = "<group>"; };
		06449C2728C29C4700035324 /* GoalCardView.swift */ = {isa = PBXFileReference; lastKnownFileType = sourcecode.swift; path = GoalCardView.swift; sourceTree = "<group>"; };
		06449C2928C29C5D00035324 /* SpentsCardView.swift */ = {isa = PBXFileReference; lastKnownFileType = sourcecode.swift; path = SpentsCardView.swift; sourceTree = "<group>"; };
		06449C3128C29D3400035324 /* SpentsDetailsCardView.swift */ = {isa = PBXFileReference; lastKnownFileType = sourcecode.swift; path = SpentsDetailsCardView.swift; sourceTree = "<group>"; };
		06449C3928C29E2200035324 /* HomeViewModel.swift */ = {isa = PBXFileReference; lastKnownFileType = sourcecode.swift; path = HomeViewModel.swift; sourceTree = "<group>"; };
		06449C3B28C29E4100035324 /* SpentViewModel.swift */ = {isa = PBXFileReference; lastKnownFileType = sourcecode.swift; path = SpentViewModel.swift; sourceTree = "<group>"; };
		06449C3D28C29E5D00035324 /* GoalViewModel.swift */ = {isa = PBXFileReference; lastKnownFileType = sourcecode.swift; path = GoalViewModel.swift; sourceTree = "<group>"; };
		06449C3F28C29E8300035324 /* SettingsViewModel.swift */ = {isa = PBXFileReference; lastKnownFileType = sourcecode.swift; path = SettingsViewModel.swift; sourceTree = "<group>"; };
		06449C4128C29EA400035324 /* Goal.swift */ = {isa = PBXFileReference; lastKnownFileType = sourcecode.swift; path = Goal.swift; sourceTree = "<group>"; };
		06449C4328C29EB400035324 /* Spent.swift */ = {isa = PBXFileReference; lastKnownFileType = sourcecode.swift; path = Spent.swift; sourceTree = "<group>"; };
		06449C4528C29EC000035324 /* User.swift */ = {isa = PBXFileReference; lastKnownFileType = sourcecode.swift; path = User.swift; sourceTree = "<group>"; };
		06449C4728C29F1100035324 /* CloudModel.swift */ = {isa = PBXFileReference; lastKnownFileType = sourcecode.swift; path = CloudModel.swift; sourceTree = "<group>"; };
		06449C4A28C2A19000035324 /* EnumCategoryPercent.swift */ = {isa = PBXFileReference; lastKnownFileType = sourcecode.swift; path = EnumCategoryPercent.swift; sourceTree = "<group>"; };
		06449C4C28C2A2DC00035324 /* MethodologySpent.swift */ = {isa = PBXFileReference; lastKnownFileType = sourcecode.swift; path = MethodologySpent.swift; sourceTree = "<group>"; };
		06449C4F28C2A45C00035324 /* MethodologyGoal.swift */ = {isa = PBXFileReference; lastKnownFileType = sourcecode.swift; path = MethodologyGoal.swift; sourceTree = "<group>"; };
		06449C5128C2A65500035324 /* Macro.entitlements */ = {isa = PBXFileReference; lastKnownFileType = text.plist.entitlements; path = Macro.entitlements; sourceTree = "<group>"; };
		06449C5228C2A65B00035324 /* Info.plist */ = {isa = PBXFileReference; lastKnownFileType = text.plist; path = Info.plist; sourceTree = "<group>"; };
		06449C5428C2A66800035324 /* CloudKit.framework */ = {isa = PBXFileReference; lastKnownFileType = wrapper.framework; name = CloudKit.framework; path = System/Library/Frameworks/CloudKit.framework; sourceTree = SDKROOT; };
		065E258628CFBE7700EEAFAD /* UIScreen.swift */ = {isa = PBXFileReference; lastKnownFileType = sourcecode.swift; path = UIScreen.swift; sourceTree = "<group>"; };
		065F765928E60A09003526CF /* AppDelegate.swift */ = {isa = PBXFileReference; lastKnownFileType = sourcecode.swift; path = AppDelegate.swift; sourceTree = "<group>"; };
		0688A9D128C7B7B2001044A6 /* SharedZone.swift */ = {isa = PBXFileReference; lastKnownFileType = sourcecode.swift; path = SharedZone.swift; sourceTree = "<group>"; };
		0688A9D328C7D628001044A6 /* DataModelProtocol.swift */ = {isa = PBXFileReference; lastKnownFileType = sourcecode.swift; path = DataModelProtocol.swift; sourceTree = "<group>"; };
		06D80F2D28DE3FF7006B3E0B /* NextButton.swift */ = {isa = PBXFileReference; lastKnownFileType = sourcecode.swift; path = NextButton.swift; sourceTree = "<group>"; };
		4A1E6C0A28DE486F00A3B938 /* EnumFonts.swift */ = {isa = PBXFileReference; lastKnownFileType = sourcecode.swift; path = EnumFonts.swift; sourceTree = "<group>"; };
		5544772928E23050000C892E /* SkipButton.swift */ = {isa = PBXFileReference; lastKnownFileType = sourcecode.swift; path = SkipButton.swift; sourceTree = "<group>"; };
		5544772B28E2307E000C892E /* InfoButton.swift */ = {isa = PBXFileReference; lastKnownFileType = sourcecode.swift; path = InfoButton.swift; sourceTree = "<group>"; };
		5544773528E231C3000C892E /* OnBoardingView.swift */ = {isa = PBXFileReference; lastKnownFileType = sourcecode.swift; path = OnBoardingView.swift; sourceTree = "<group>"; };
		5544773728E231E9000C892E /* OnBoardingPageTypeOneView.swift */ = {isa = PBXFileReference; lastKnownFileType = sourcecode.swift; path = OnBoardingPageTypeOneView.swift; sourceTree = "<group>"; };
		5544773928E23216000C892E /* OnBoardingPageTypeTwoView.swift */ = {isa = PBXFileReference; lastKnownFileType = sourcecode.swift; path = OnBoardingPageTypeTwoView.swift; sourceTree = "<group>"; };
		5544773B28E2324A000C892E /* EnumButtonText.swift */ = {isa = PBXFileReference; lastKnownFileType = sourcecode.swift; path = EnumButtonText.swift; sourceTree = "<group>"; };
		5544773D28E2330C000C892E /* OnBoarding.swift */ = {isa = PBXFileReference; lastKnownFileType = sourcecode.swift; path = OnBoarding.swift; sourceTree = "<group>"; };
		5544773F28E23335000C892E /* EnumOnBoardingText.swift */ = {isa = PBXFileReference; lastKnownFileType = sourcecode.swift; path = EnumOnBoardingText.swift; sourceTree = "<group>"; };
		5544774228E233F5000C892E /* OnBoardingPageTypeTwoViewModel.swift */ = {isa = PBXFileReference; lastKnownFileType = sourcecode.swift; path = OnBoardingPageTypeTwoViewModel.swift; sourceTree = "<group>"; };
		5544774428E23415000C892E /* OnBoardingStateViewModel.swift */ = {isa = PBXFileReference; lastKnownFileType = sourcecode.swift; path = OnBoardingStateViewModel.swift; sourceTree = "<group>"; };
		5544774628E23483000C892E /* EnumImageName.swift */ = {isa = PBXFileReference; lastKnownFileType = sourcecode.swift; path = EnumImageName.swift; sourceTree = "<group>"; };
		554B101E28E4C7E1003DEE7C /* GoalNextButton.swift */ = {isa = PBXFileReference; lastKnownFileType = sourcecode.swift; path = GoalNextButton.swift; sourceTree = "<group>"; };
		554B102028E4D603003DEE7C /* FormsGoalsValueView.swift */ = {isa = PBXFileReference; lastKnownFileType = sourcecode.swift; path = FormsGoalsValueView.swift; sourceTree = "<group>"; };
		554B102228E4D703003DEE7C /* FormsGoalMotivationView.swift */ = {isa = PBXFileReference; lastKnownFileType = sourcecode.swift; path = FormsGoalMotivationView.swift; sourceTree = "<group>"; };
		554B102428E4E40F003DEE7C /* MotivationCard.swift */ = {isa = PBXFileReference; lastKnownFileType = sourcecode.swift; path = MotivationCard.swift; sourceTree = "<group>"; };
		55CF86A928E63F7600C36B7F /* TemplateTextButton.swift */ = {isa = PBXFileReference; lastKnownFileType = sourcecode.swift; path = TemplateTextButton.swift; sourceTree = "<group>"; };
		55D19CAD28E76970004F84A8 /* FormsGoalViewModel.swift */ = {isa = PBXFileReference; lastKnownFileType = sourcecode.swift; path = FormsGoalViewModel.swift; sourceTree = "<group>"; };
		9919974628E76AB10075866D /* SpentsCards.swift */ = {isa = PBXFileReference; lastKnownFileType = sourcecode.swift; path = SpentsCards.swift; sourceTree = "<group>"; };
		9919974828E77E8F0075866D /* EnumSpentsInfo.swift */ = {isa = PBXFileReference; lastKnownFileType = sourcecode.swift; path = EnumSpentsInfo.swift; sourceTree = "<group>"; };
		997C81B328DA584500C2229D /* ProgressBarCardView.swift */ = {isa = PBXFileReference; lastKnownFileType = sourcecode.swift; path = ProgressBarCardView.swift; sourceTree = "<group>"; };
		99B2EF3F28DE573D00657C53 /* FormsSpentsView.swift */ = {isa = PBXFileReference; lastKnownFileType = sourcecode.swift; path = FormsSpentsView.swift; sourceTree = "<group>"; };
		99B2EF4128DE576200657C53 /* FormsGoalsNameView.swift */ = {isa = PBXFileReference; lastKnownFileType = sourcecode.swift; path = FormsGoalsNameView.swift; sourceTree = "<group>"; };
		99B676B628DCD019007C8BC6 /* SF-Pro-Text-Regular.otf */ = {isa = PBXFileReference; lastKnownFileType = file; path = "SF-Pro-Text-Regular.otf"; sourceTree = "<group>"; };
		99B676B828DCD023007C8BC6 /* SF-Pro-Text-Semibold.otf */ = {isa = PBXFileReference; lastKnownFileType = file; path = "SF-Pro-Text-Semibold.otf"; sourceTree = "<group>"; };
		99B676BA28DCD038007C8BC6 /* SF-Pro-Text-Bold.otf */ = {isa = PBXFileReference; lastKnownFileType = file; path = "SF-Pro-Text-Bold.otf"; sourceTree = "<group>"; };
		99B676BC28DCD319007C8BC6 /* SF-Pro-Text-Medium.otf */ = {isa = PBXFileReference; lastKnownFileType = file; path = "SF-Pro-Text-Medium.otf"; sourceTree = "<group>"; };
		99B676BE28DCD45F007C8BC6 /* SF-Pro-Text-Light.otf */ = {isa = PBXFileReference; lastKnownFileType = file; path = "SF-Pro-Text-Light.otf"; sourceTree = "<group>"; };
		99B676C028DCD57B007C8BC6 /* GoalCardViewModel.swift */ = {isa = PBXFileReference; lastKnownFileType = sourcecode.swift; path = GoalCardViewModel.swift; sourceTree = "<group>"; };
		99E4F20F28E4BF0000AB24FA /* FormsEditGoals.swift */ = {isa = PBXFileReference; lastKnownFileType = sourcecode.swift; path = FormsEditGoals.swift; sourceTree = "<group>"; };
		99E4F21628E4E13300AB24FA /* SpentCardViewModel.swift */ = {isa = PBXFileReference; lastKnownFileType = sourcecode.swift; path = SpentCardViewModel.swift; sourceTree = "<group>"; };
/* End PBXFileReference section */

/* Begin PBXFrameworksBuildPhase section */
		06449BE428C2921E00035324 /* Frameworks */ = {
			isa = PBXFrameworksBuildPhase;
			buildActionMask = 2147483647;
			files = (
				06449C5528C2A66800035324 /* CloudKit.framework in Frameworks */,
			);
			runOnlyForDeploymentPostprocessing = 0;
		};
		06449BF428C2921F00035324 /* Frameworks */ = {
			isa = PBXFrameworksBuildPhase;
			buildActionMask = 2147483647;
			files = (
			);
			runOnlyForDeploymentPostprocessing = 0;
		};
		06449BFE28C2922000035324 /* Frameworks */ = {
			isa = PBXFrameworksBuildPhase;
			buildActionMask = 2147483647;
			files = (
			);
			runOnlyForDeploymentPostprocessing = 0;
		};
/* End PBXFrameworksBuildPhase section */

/* Begin PBXGroup section */
		06449BDE28C2921E00035324 = {
			isa = PBXGroup;
			children = (
				06449C1528C2957F00035324 /* .swiftlint.yml */,
				06449BE928C2921E00035324 /* Macro */,
				06449BFA28C2921F00035324 /* MacroTests */,
				06449C0428C2922000035324 /* MacroUITests */,
				06449BE828C2921E00035324 /* Products */,
				06449C5328C2A66800035324 /* Frameworks */,
			);
			sourceTree = "<group>";
		};
		06449BE828C2921E00035324 /* Products */ = {
			isa = PBXGroup;
			children = (
				06449BE728C2921E00035324 /* Macro.app */,
				06449BF728C2921F00035324 /* MacroTests.xctest */,
				06449C0128C2922000035324 /* MacroUITests.xctest */,
			);
			name = Products;
			sourceTree = "<group>";
		};
		06449BE928C2921E00035324 /* Macro */ = {
			isa = PBXGroup;
			children = (
				99B676B528DCCFC5007C8BC6 /* Fonts */,
				06449C5228C2A65B00035324 /* Info.plist */,
				06449C5128C2A65500035324 /* Macro.entitlements */,
				06449BEA28C2921E00035324 /* MacroApp.swift */,
				065F765928E60A09003526CF /* AppDelegate.swift */,
				06449BEE28C2921F00035324 /* Assets.xcassets */,
				06449C1928C2994800035324 /* Model */,
				06449C1828C2993C00035324 /* ModelView */,
				06449C1728C2993300035324 /* View */,
				06449BF028C2921F00035324 /* Preview Content */,
			);
			path = Macro;
			sourceTree = "<group>";
		};
		06449BF028C2921F00035324 /* Preview Content */ = {
			isa = PBXGroup;
			children = (
				06449BF128C2921F00035324 /* Preview Assets.xcassets */,
			);
			path = "Preview Content";
			sourceTree = "<group>";
		};
		06449BFA28C2921F00035324 /* MacroTests */ = {
			isa = PBXGroup;
			children = (
				06449BFB28C2921F00035324 /* MacroTests.swift */,
			);
			path = MacroTests;
			sourceTree = "<group>";
		};
		06449C0428C2922000035324 /* MacroUITests */ = {
			isa = PBXGroup;
			children = (
				06449C0528C2922000035324 /* MacroUITests.swift */,
				06449C0728C2922000035324 /* MacroUITestsLaunchTests.swift */,
			);
			path = MacroUITests;
			sourceTree = "<group>";
		};
		06449C1728C2993300035324 /* View */ = {
			isa = PBXGroup;
			children = (
				99B2EF4328DE576A00657C53 /* Formulary */,
				065E258628CFBE7700EEAFAD /* UIScreen.swift */,
				06D80F2C28DE3FDF006B3E0B /* elements */,
				06449C2F28C29CF300035324 /* onboarding */,
				06449C2D28C29CC700035324 /* Settings */,
				06449C2C28C29CA000035324 /* Home */,
				06449C2B28C29C9200035324 /* Goals */,
				06449C1C28C29B3300035324 /* Spent */,
			);
			path = View;
			sourceTree = "<group>";
		};
		06449C1828C2993C00035324 /* ModelView */ = {
			isa = PBXGroup;
			children = (
				55D19CAC28E7690D004F84A8 /* Formulary */,
				99E4F21328E4D52200AB24FA /* Spent */,
				5544774128E233DA000C892E /* OnBoarding */,
				0664AF7428D2691300244EB2 /* Goal */,
				065E258328CFAD1A00EEAFAD /* Home */,
				06449C4928C29F2500035324 /* Cloud */,
				06449C3F28C29E8300035324 /* SettingsViewModel.swift */,
			);
			path = ModelView;
			sourceTree = "<group>";
		};
		06449C1928C2994800035324 /* Model */ = {
			isa = PBXGroup;
			children = (
				0688A9D528C7D62F001044A6 /* Protocolo */,
				06449C4E28C2A2E000035324 /* Enum */,
				06449C4128C29EA400035324 /* Goal.swift */,
				9919974628E76AB10075866D /* SpentsCards.swift */,
				5544773D28E2330C000C892E /* OnBoarding.swift */,
				06449C4C28C2A2DC00035324 /* MethodologySpent.swift */,
				06449C4F28C2A45C00035324 /* MethodologyGoal.swift */,
				06449C4328C29EB400035324 /* Spent.swift */,
				06449C4528C29EC000035324 /* User.swift */,
				063C8AA728D266410053054B /* ChartData.swift */,
			);
			path = Model;
			sourceTree = "<group>";
		};
		06449C1B28C29B2900035324 /* elements */ = {
			isa = PBXGroup;
			children = (
				06449C2728C29C4700035324 /* GoalCardView.swift */,
				06449C2928C29C5D00035324 /* SpentsCardView.swift */,
				061FFD6228CBD66C003F9FDA /* CarouselView.swift */,
				997C81B328DA584500C2229D /* ProgressBarCardView.swift */,
			);
			path = elements;
			sourceTree = "<group>";
		};
		06449C1C28C29B3300035324 /* Spent */ = {
			isa = PBXGroup;
			children = (
				06449C1F28C29BCC00035324 /* SpentView.swift */,
				06449C3028C29D0E00035324 /* elements */,
			);
			path = Spent;
			sourceTree = "<group>";
		};
		06449C2B28C29C9200035324 /* Goals */ = {
			isa = PBXGroup;
			children = (
				06449BEC28C2921E00035324 /* GoalsView.swift */,
				06449C3328C29D7300035324 /* elements */,
			);
			path = Goals;
			sourceTree = "<group>";
		};
		06449C2C28C29CA000035324 /* Home */ = {
			isa = PBXGroup;
			children = (
				06449C1D28C29B6600035324 /* HomeView.swift */,
				06449C1B28C29B2900035324 /* elements */,
			);
			path = Home;
			sourceTree = "<group>";
		};
		06449C2D28C29CC700035324 /* Settings */ = {
			isa = PBXGroup;
			children = (
				06449C2128C29BFB00035324 /* SettingsView.swift */,
				06449C3428C29D8700035324 /* elements */,
			);
			path = Settings;
			sourceTree = "<group>";
		};
		06449C2F28C29CF300035324 /* onboarding */ = {
			isa = PBXGroup;
			children = (
				5544773528E231C3000C892E /* OnBoardingView.swift */,
				06449C3628C29D9E00035324 /* elements */,
			);
			path = onboarding;
			sourceTree = "<group>";
		};
		06449C3028C29D0E00035324 /* elements */ = {
			isa = PBXGroup;
			children = (
				06449C3128C29D3400035324 /* SpentsDetailsCardView.swift */,
			);
			path = elements;
			sourceTree = "<group>";
		};
		06449C3328C29D7300035324 /* elements */ = {
			isa = PBXGroup;
			children = (
				063C8A9F28D241DC0053054B /* GraphView.swift */,
				063C8AA328D249280053054B /* WeakGoalsView.swift */,
			);
			path = elements;
			sourceTree = "<group>";
		};
		06449C3428C29D8700035324 /* elements */ = {
			isa = PBXGroup;
			children = (
			);
			path = elements;
			sourceTree = "<group>";
		};
		06449C3628C29D9E00035324 /* elements */ = {
			isa = PBXGroup;
			children = (
				5544773728E231E9000C892E /* OnBoardingPageTypeOneView.swift */,
				5544773928E23216000C892E /* OnBoardingPageTypeTwoView.swift */,
			);
			name = elements;
			sourceTree = "<group>";
		};
		06449C4928C29F2500035324 /* Cloud */ = {
			isa = PBXGroup;
			children = (
				06449C4728C29F1100035324 /* CloudModel.swift */,
			);
			path = Cloud;
			sourceTree = "<group>";
		};
		06449C4E28C2A2E000035324 /* Enum */ = {
			isa = PBXGroup;
			children = (
				06449C4A28C2A19000035324 /* EnumCategoryPercent.swift */,
				0688A9D128C7B7B2001044A6 /* SharedZone.swift */,
				5544773B28E2324A000C892E /* EnumButtonText.swift */,
				5544773F28E23335000C892E /* EnumOnBoardingText.swift */,
				5544774628E23483000C892E /* EnumImageName.swift */,
				4A1E6C0A28DE486F00A3B938 /* EnumFonts.swift */,
				9919974828E77E8F0075866D /* EnumSpentsInfo.swift */,
			);
			path = Enum;
			sourceTree = "<group>";
		};
		06449C5328C2A66800035324 /* Frameworks */ = {
			isa = PBXGroup;
			children = (
				06449C5428C2A66800035324 /* CloudKit.framework */,
			);
			name = Frameworks;
			sourceTree = "<group>";
		};
		065E258328CFAD1A00EEAFAD /* Home */ = {
			isa = PBXGroup;
			children = (
				06449C3928C29E2200035324 /* HomeViewModel.swift */,
			);
			path = Home;
			sourceTree = "<group>";
		};
		0664AF7428D2691300244EB2 /* Goal */ = {
			isa = PBXGroup;
			children = (
				06449C3D28C29E5D00035324 /* GoalViewModel.swift */,
				063C8AA528D2661C0053054B /* ChartPieViewModel.swift */,
				99B676C028DCD57B007C8BC6 /* GoalCardViewModel.swift */,
			);
			path = Goal;
			sourceTree = "<group>";
		};
		0688A9D528C7D62F001044A6 /* Protocolo */ = {
			isa = PBXGroup;
			children = (
				0688A9D328C7D628001044A6 /* DataModelProtocol.swift */,
			);
			path = Protocolo;
			sourceTree = "<group>";
		};
		06D80F2C28DE3FDF006B3E0B /* elements */ = {
			isa = PBXGroup;
			children = (
				554B102428E4E40F003DEE7C /* MotivationCard.swift */,
				55CF86A928E63F7600C36B7F /* TemplateTextButton.swift */,
				554B101E28E4C7E1003DEE7C /* GoalNextButton.swift */,
				06D80F2D28DE3FF7006B3E0B /* NextButton.swift */,
				5544772928E23050000C892E /* SkipButton.swift */,
				5544772B28E2307E000C892E /* InfoButton.swift */,
			);
			path = elements;
			sourceTree = "<group>";
		};
		5544774128E233DA000C892E /* OnBoarding */ = {
			isa = PBXGroup;
			children = (
				5544774228E233F5000C892E /* OnBoardingPageTypeTwoViewModel.swift */,
				5544774428E23415000C892E /* OnBoardingStateViewModel.swift */,
			);
			path = OnBoarding;
			sourceTree = "<group>";
		};
		55D19CAC28E7690D004F84A8 /* Formulary */ = {
			isa = PBXGroup;
			children = (
				55D19CAD28E76970004F84A8 /* FormsGoalViewModel.swift */,
			);
			path = Formulary;
			sourceTree = "<group>";
		};
		99B2EF4328DE576A00657C53 /* Formulary */ = {
			isa = PBXGroup;
			children = (
				99B2EF3F28DE573D00657C53 /* FormsSpentsView.swift */,
				99B2EF4128DE576200657C53 /* FormsGoalsNameView.swift */,
				554B102028E4D603003DEE7C /* FormsGoalsValueView.swift */,
				554B102228E4D703003DEE7C /* FormsGoalMotivationView.swift */,
				99E4F20F28E4BF0000AB24FA /* FormsEditGoals.swift */,
			);
			path = Formulary;
			sourceTree = "<group>";
		};
		99B676B528DCCFC5007C8BC6 /* Fonts */ = {
			isa = PBXGroup;
			children = (
				99B676BA28DCD038007C8BC6 /* SF-Pro-Text-Bold.otf */,
				99B676B628DCD019007C8BC6 /* SF-Pro-Text-Regular.otf */,
				99B676BC28DCD319007C8BC6 /* SF-Pro-Text-Medium.otf */,
				99B676BE28DCD45F007C8BC6 /* SF-Pro-Text-Light.otf */,
				99B676B828DCD023007C8BC6 /* SF-Pro-Text-Semibold.otf */,
			);
			path = Fonts;
			sourceTree = "<group>";
		};
		99E4F21328E4D52200AB24FA /* Spent */ = {
			isa = PBXGroup;
			children = (
				06449C3B28C29E4100035324 /* SpentViewModel.swift */,
				99E4F21628E4E13300AB24FA /* SpentCardViewModel.swift */,
			);
			path = Spent;
			sourceTree = "<group>";
		};
/* End PBXGroup section */

/* Begin PBXNativeTarget section */
		06449BE628C2921E00035324 /* Macro */ = {
			isa = PBXNativeTarget;
			buildConfigurationList = 06449C0B28C2922000035324 /* Build configuration list for PBXNativeTarget "Macro" */;
			buildPhases = (
				06449BE328C2921E00035324 /* Sources */,
				06449BE428C2921E00035324 /* Frameworks */,
				06449BE528C2921E00035324 /* Resources */,
				06449C1428C292B600035324 /* ShellScript */,
			);
			buildRules = (
			);
			dependencies = (
			);
			name = Macro;
			productName = Macro;
			productReference = 06449BE728C2921E00035324 /* Macro.app */;
			productType = "com.apple.product-type.application";
		};
		06449BF628C2921F00035324 /* MacroTests */ = {
			isa = PBXNativeTarget;
			buildConfigurationList = 06449C0E28C2922000035324 /* Build configuration list for PBXNativeTarget "MacroTests" */;
			buildPhases = (
				06449BF328C2921F00035324 /* Sources */,
				06449BF428C2921F00035324 /* Frameworks */,
				06449BF528C2921F00035324 /* Resources */,
			);
			buildRules = (
			);
			dependencies = (
				06449BF928C2921F00035324 /* PBXTargetDependency */,
			);
			name = MacroTests;
			productName = MacroTests;
			productReference = 06449BF728C2921F00035324 /* MacroTests.xctest */;
			productType = "com.apple.product-type.bundle.unit-test";
		};
		06449C0028C2922000035324 /* MacroUITests */ = {
			isa = PBXNativeTarget;
			buildConfigurationList = 06449C1128C2922000035324 /* Build configuration list for PBXNativeTarget "MacroUITests" */;
			buildPhases = (
				06449BFD28C2922000035324 /* Sources */,
				06449BFE28C2922000035324 /* Frameworks */,
				06449BFF28C2922000035324 /* Resources */,
			);
			buildRules = (
			);
			dependencies = (
				06449C0328C2922000035324 /* PBXTargetDependency */,
			);
			name = MacroUITests;
			productName = MacroUITests;
			productReference = 06449C0128C2922000035324 /* MacroUITests.xctest */;
			productType = "com.apple.product-type.bundle.ui-testing";
		};
/* End PBXNativeTarget section */

/* Begin PBXProject section */
		06449BDF28C2921E00035324 /* Project object */ = {
			isa = PBXProject;
			attributes = {
				BuildIndependentTargetsInParallel = 1;
				LastSwiftUpdateCheck = 1340;
				LastUpgradeCheck = 1340;
				TargetAttributes = {
					06449BE628C2921E00035324 = {
						CreatedOnToolsVersion = 13.4.1;
					};
					06449BF628C2921F00035324 = {
						CreatedOnToolsVersion = 13.4.1;
						TestTargetID = 06449BE628C2921E00035324;
					};
					06449C0028C2922000035324 = {
						CreatedOnToolsVersion = 13.4.1;
						TestTargetID = 06449BE628C2921E00035324;
					};
				};
			};
			buildConfigurationList = 06449BE228C2921E00035324 /* Build configuration list for PBXProject "Macro" */;
			compatibilityVersion = "Xcode 13.0";
			developmentRegion = en;
			hasScannedForEncodings = 0;
			knownRegions = (
				en,
				Base,
			);
			mainGroup = 06449BDE28C2921E00035324;
			productRefGroup = 06449BE828C2921E00035324 /* Products */;
			projectDirPath = "";
			projectRoot = "";
			targets = (
				06449BE628C2921E00035324 /* Macro */,
				06449BF628C2921F00035324 /* MacroTests */,
				06449C0028C2922000035324 /* MacroUITests */,
			);
		};
/* End PBXProject section */

/* Begin PBXResourcesBuildPhase section */
		06449BE528C2921E00035324 /* Resources */ = {
			isa = PBXResourcesBuildPhase;
			buildActionMask = 2147483647;
			files = (
				06449C1628C2957F00035324 /* .swiftlint.yml in Resources */,
				06449BF228C2921F00035324 /* Preview Assets.xcassets in Resources */,
				99B676BF28DCD45F007C8BC6 /* SF-Pro-Text-Light.otf in Resources */,
				99B676BB28DCD038007C8BC6 /* SF-Pro-Text-Bold.otf in Resources */,
				99B676B928DCD023007C8BC6 /* SF-Pro-Text-Semibold.otf in Resources */,
				99B676B728DCD019007C8BC6 /* SF-Pro-Text-Regular.otf in Resources */,
				99B676BD28DCD319007C8BC6 /* SF-Pro-Text-Medium.otf in Resources */,
				06449BEF28C2921F00035324 /* Assets.xcassets in Resources */,
			);
			runOnlyForDeploymentPostprocessing = 0;
		};
		06449BF528C2921F00035324 /* Resources */ = {
			isa = PBXResourcesBuildPhase;
			buildActionMask = 2147483647;
			files = (
			);
			runOnlyForDeploymentPostprocessing = 0;
		};
		06449BFF28C2922000035324 /* Resources */ = {
			isa = PBXResourcesBuildPhase;
			buildActionMask = 2147483647;
			files = (
			);
			runOnlyForDeploymentPostprocessing = 0;
		};
/* End PBXResourcesBuildPhase section */

/* Begin PBXShellScriptBuildPhase section */
		06449C1428C292B600035324 /* ShellScript */ = {
			isa = PBXShellScriptBuildPhase;
			buildActionMask = 2147483647;
			files = (
			);
			inputFileListPaths = (
			);
			inputPaths = (
			);
			outputFileListPaths = (
			);
			outputPaths = (
			);
			runOnlyForDeploymentPostprocessing = 0;
			shellPath = /bin/sh;
			shellScript = "# Type a script or drag a script file from your workspace to insert its path.\nif which swiftlint >/dev/null; then\n  swiftlint\nelse\n  echo \"warning: SwiftLint not installed, download from https://github.com/realm/SwiftLint\"\nfi\n";
		};
/* End PBXShellScriptBuildPhase section */

/* Begin PBXSourcesBuildPhase section */
		06449BE328C2921E00035324 /* Sources */ = {
			isa = PBXSourcesBuildPhase;
			buildActionMask = 2147483647;
			files = (
				55D19CAE28E76970004F84A8 /* FormsGoalViewModel.swift in Sources */,
				5544772C28E2307E000C892E /* InfoButton.swift in Sources */,
				554B102528E4E40F003DEE7C /* MotivationCard.swift in Sources */,
				06449C2228C29BFB00035324 /* SettingsView.swift in Sources */,
				063C8AA428D249280053054B /* WeakGoalsView.swift in Sources */,
				0688A9D428C7D628001044A6 /* DataModelProtocol.swift in Sources */,
				06449BED28C2921E00035324 /* GoalsView.swift in Sources */,
				5544773A28E23216000C892E /* OnBoardingPageTypeTwoView.swift in Sources */,
				06449C4028C29E8300035324 /* SettingsViewModel.swift in Sources */,
				065F765A28E60A09003526CF /* AppDelegate.swift in Sources */,
				06449C4628C29EC000035324 /* User.swift in Sources */,
				5544772A28E23050000C892E /* SkipButton.swift in Sources */,
				554B102128E4D603003DEE7C /* FormsGoalsValueView.swift in Sources */,
				06D80F2E28DE3FF7006B3E0B /* NextButton.swift in Sources */,
				9919974728E76AB10075866D /* SpentsCards.swift in Sources */,
				554B101F28E4C7E1003DEE7C /* GoalNextButton.swift in Sources */,
				554B101F28E4C7E1003DEE7C /* GoalNextButton.swift in Sources */,
				06449C2A28C29C5D00035324 /* SpentsCardView.swift in Sources */,
				5544773C28E2324A000C892E /* EnumButtonText.swift in Sources */,
				06449C4828C29F1100035324 /* CloudModel.swift in Sources */,
				55CF86AA28E63F7600C36B7F /* TemplateTextButton.swift in Sources */,
				06449C3E28C29E5D00035324 /* GoalViewModel.swift in Sources */,
				06449C3A28C29E2200035324 /* HomeViewModel.swift in Sources */,
				061FFD6328CBD66C003F9FDA /* CarouselView.swift in Sources */,
				065E258728CFBE7700EEAFAD /* UIScreen.swift in Sources */,
				06449C3228C29D3400035324 /* SpentsDetailsCardView.swift in Sources */,
				5544773E28E2330C000C892E /* OnBoarding.swift in Sources */,
				06449C5028C2A45C00035324 /* MethodologyGoal.swift in Sources */,
				0688A9D228C7B7B2001044A6 /* SharedZone.swift in Sources */,
				99B2EF4028DE573D00657C53 /* FormsSpentsView.swift in Sources */,
				4A1E6C0B28DE486F00A3B938 /* EnumFonts.swift in Sources */,
				06449BEB28C2921E00035324 /* MacroApp.swift in Sources */,
				997C81B428DA584500C2229D /* ProgressBarCardView.swift in Sources */,
				5544774028E23335000C892E /* EnumOnBoardingText.swift in Sources */,
				5544774528E23415000C892E /* OnBoardingStateViewModel.swift in Sources */,
				99E4F21728E4E13300AB24FA /* SpentCardViewModel.swift in Sources */,
				06449C4428C29EB400035324 /* Spent.swift in Sources */,
				5544773628E231C3000C892E /* OnBoardingView.swift in Sources */,
				5544774328E233F5000C892E /* OnBoardingPageTypeTwoViewModel.swift in Sources */,
				554B102328E4D703003DEE7C /* FormsGoalMotivationView.swift in Sources */,
				99E4F21028E4BF0000AB24FA /* FormsEditGoals.swift in Sources */,
				06449C4D28C2A2DC00035324 /* MethodologySpent.swift in Sources */,
				06449C2828C29C4700035324 /* GoalCardView.swift in Sources */,
				5544774728E23483000C892E /* EnumImageName.swift in Sources */,
				06449C4228C29EA400035324 /* Goal.swift in Sources */,
				063C8AA828D266410053054B /* ChartData.swift in Sources */,
				063C8AA028D241DC0053054B /* GraphView.swift in Sources */,
				99B676C128DCD57B007C8BC6 /* GoalCardViewModel.swift in Sources */,
				9919974928E77E8F0075866D /* EnumSpentsInfo.swift in Sources */,
				063C8AA628D2661C0053054B /* ChartPieViewModel.swift in Sources */,
				99B2EF4228DE576200657C53 /* FormsGoalsNameView.swift in Sources */,
				06449C3C28C29E4100035324 /* SpentViewModel.swift in Sources */,
				06449C4B28C2A19000035324 /* EnumCategoryPercent.swift in Sources */,
				5544773828E231E9000C892E /* OnBoardingPageTypeOneView.swift in Sources */,
				06449C1E28C29B6600035324 /* HomeView.swift in Sources */,
				06449C2028C29BCC00035324 /* SpentView.swift in Sources */,
			);
			runOnlyForDeploymentPostprocessing = 0;
		};
		06449BF328C2921F00035324 /* Sources */ = {
			isa = PBXSourcesBuildPhase;
			buildActionMask = 2147483647;
			files = (
				06449BFC28C2921F00035324 /* MacroTests.swift in Sources */,
			);
			runOnlyForDeploymentPostprocessing = 0;
		};
		06449BFD28C2922000035324 /* Sources */ = {
			isa = PBXSourcesBuildPhase;
			buildActionMask = 2147483647;
			files = (
				06449C0628C2922000035324 /* MacroUITests.swift in Sources */,
				06449C0828C2922000035324 /* MacroUITestsLaunchTests.swift in Sources */,
			);
			runOnlyForDeploymentPostprocessing = 0;
		};
/* End PBXSourcesBuildPhase section */

/* Begin PBXTargetDependency section */
		06449BF928C2921F00035324 /* PBXTargetDependency */ = {
			isa = PBXTargetDependency;
			target = 06449BE628C2921E00035324 /* Macro */;
			targetProxy = 06449BF828C2921F00035324 /* PBXContainerItemProxy */;
		};
		06449C0328C2922000035324 /* PBXTargetDependency */ = {
			isa = PBXTargetDependency;
			target = 06449BE628C2921E00035324 /* Macro */;
			targetProxy = 06449C0228C2922000035324 /* PBXContainerItemProxy */;
		};
/* End PBXTargetDependency section */

/* Begin XCBuildConfiguration section */
		06449C0928C2922000035324 /* Debug */ = {
			isa = XCBuildConfiguration;
			buildSettings = {
				ALWAYS_SEARCH_USER_PATHS = NO;
				CLANG_ANALYZER_NONNULL = YES;
				CLANG_ANALYZER_NUMBER_OBJECT_CONVERSION = YES_AGGRESSIVE;
				CLANG_CXX_LANGUAGE_STANDARD = "gnu++17";
				CLANG_ENABLE_MODULES = YES;
				CLANG_ENABLE_OBJC_ARC = YES;
				CLANG_ENABLE_OBJC_WEAK = YES;
				CLANG_WARN_BLOCK_CAPTURE_AUTORELEASING = YES;
				CLANG_WARN_BOOL_CONVERSION = YES;
				CLANG_WARN_COMMA = YES;
				CLANG_WARN_CONSTANT_CONVERSION = YES;
				CLANG_WARN_DEPRECATED_OBJC_IMPLEMENTATIONS = YES;
				CLANG_WARN_DIRECT_OBJC_ISA_USAGE = YES_ERROR;
				CLANG_WARN_DOCUMENTATION_COMMENTS = YES;
				CLANG_WARN_EMPTY_BODY = YES;
				CLANG_WARN_ENUM_CONVERSION = YES;
				CLANG_WARN_INFINITE_RECURSION = YES;
				CLANG_WARN_INT_CONVERSION = YES;
				CLANG_WARN_NON_LITERAL_NULL_CONVERSION = YES;
				CLANG_WARN_OBJC_IMPLICIT_RETAIN_SELF = YES;
				CLANG_WARN_OBJC_LITERAL_CONVERSION = YES;
				CLANG_WARN_OBJC_ROOT_CLASS = YES_ERROR;
				CLANG_WARN_QUOTED_INCLUDE_IN_FRAMEWORK_HEADER = YES;
				CLANG_WARN_RANGE_LOOP_ANALYSIS = YES;
				CLANG_WARN_STRICT_PROTOTYPES = YES;
				CLANG_WARN_SUSPICIOUS_MOVE = YES;
				CLANG_WARN_UNGUARDED_AVAILABILITY = YES_AGGRESSIVE;
				CLANG_WARN_UNREACHABLE_CODE = YES;
				CLANG_WARN__DUPLICATE_METHOD_MATCH = YES;
				COPY_PHASE_STRIP = NO;
				DEBUG_INFORMATION_FORMAT = dwarf;
				ENABLE_STRICT_OBJC_MSGSEND = YES;
				ENABLE_TESTABILITY = YES;
				GCC_C_LANGUAGE_STANDARD = gnu11;
				GCC_DYNAMIC_NO_PIC = NO;
				GCC_NO_COMMON_BLOCKS = YES;
				GCC_OPTIMIZATION_LEVEL = 0;
				GCC_PREPROCESSOR_DEFINITIONS = (
					"DEBUG=1",
					"$(inherited)",
				);
				GCC_WARN_64_TO_32_BIT_CONVERSION = YES;
				GCC_WARN_ABOUT_RETURN_TYPE = YES_ERROR;
				GCC_WARN_UNDECLARED_SELECTOR = YES;
				GCC_WARN_UNINITIALIZED_AUTOS = YES_AGGRESSIVE;
				GCC_WARN_UNUSED_FUNCTION = YES;
				GCC_WARN_UNUSED_VARIABLE = YES;
				IPHONEOS_DEPLOYMENT_TARGET = 15.5;
				MTL_ENABLE_DEBUG_INFO = INCLUDE_SOURCE;
				MTL_FAST_MATH = YES;
				ONLY_ACTIVE_ARCH = YES;
				SDKROOT = iphoneos;
				SWIFT_ACTIVE_COMPILATION_CONDITIONS = DEBUG;
				SWIFT_OPTIMIZATION_LEVEL = "-Onone";
			};
			name = Debug;
		};
		06449C0A28C2922000035324 /* Release */ = {
			isa = XCBuildConfiguration;
			buildSettings = {
				ALWAYS_SEARCH_USER_PATHS = NO;
				CLANG_ANALYZER_NONNULL = YES;
				CLANG_ANALYZER_NUMBER_OBJECT_CONVERSION = YES_AGGRESSIVE;
				CLANG_CXX_LANGUAGE_STANDARD = "gnu++17";
				CLANG_ENABLE_MODULES = YES;
				CLANG_ENABLE_OBJC_ARC = YES;
				CLANG_ENABLE_OBJC_WEAK = YES;
				CLANG_WARN_BLOCK_CAPTURE_AUTORELEASING = YES;
				CLANG_WARN_BOOL_CONVERSION = YES;
				CLANG_WARN_COMMA = YES;
				CLANG_WARN_CONSTANT_CONVERSION = YES;
				CLANG_WARN_DEPRECATED_OBJC_IMPLEMENTATIONS = YES;
				CLANG_WARN_DIRECT_OBJC_ISA_USAGE = YES_ERROR;
				CLANG_WARN_DOCUMENTATION_COMMENTS = YES;
				CLANG_WARN_EMPTY_BODY = YES;
				CLANG_WARN_ENUM_CONVERSION = YES;
				CLANG_WARN_INFINITE_RECURSION = YES;
				CLANG_WARN_INT_CONVERSION = YES;
				CLANG_WARN_NON_LITERAL_NULL_CONVERSION = YES;
				CLANG_WARN_OBJC_IMPLICIT_RETAIN_SELF = YES;
				CLANG_WARN_OBJC_LITERAL_CONVERSION = YES;
				CLANG_WARN_OBJC_ROOT_CLASS = YES_ERROR;
				CLANG_WARN_QUOTED_INCLUDE_IN_FRAMEWORK_HEADER = YES;
				CLANG_WARN_RANGE_LOOP_ANALYSIS = YES;
				CLANG_WARN_STRICT_PROTOTYPES = YES;
				CLANG_WARN_SUSPICIOUS_MOVE = YES;
				CLANG_WARN_UNGUARDED_AVAILABILITY = YES_AGGRESSIVE;
				CLANG_WARN_UNREACHABLE_CODE = YES;
				CLANG_WARN__DUPLICATE_METHOD_MATCH = YES;
				COPY_PHASE_STRIP = NO;
				DEBUG_INFORMATION_FORMAT = "dwarf-with-dsym";
				ENABLE_NS_ASSERTIONS = NO;
				ENABLE_STRICT_OBJC_MSGSEND = YES;
				GCC_C_LANGUAGE_STANDARD = gnu11;
				GCC_NO_COMMON_BLOCKS = YES;
				GCC_WARN_64_TO_32_BIT_CONVERSION = YES;
				GCC_WARN_ABOUT_RETURN_TYPE = YES_ERROR;
				GCC_WARN_UNDECLARED_SELECTOR = YES;
				GCC_WARN_UNINITIALIZED_AUTOS = YES_AGGRESSIVE;
				GCC_WARN_UNUSED_FUNCTION = YES;
				GCC_WARN_UNUSED_VARIABLE = YES;
				IPHONEOS_DEPLOYMENT_TARGET = 15.5;
				MTL_ENABLE_DEBUG_INFO = NO;
				MTL_FAST_MATH = YES;
				SDKROOT = iphoneos;
				SWIFT_COMPILATION_MODE = wholemodule;
				SWIFT_OPTIMIZATION_LEVEL = "-O";
				VALIDATE_PRODUCT = YES;
			};
			name = Release;
		};
		06449C0C28C2922000035324 /* Debug */ = {
			isa = XCBuildConfiguration;
			buildSettings = {
				ASSETCATALOG_COMPILER_APPICON_NAME = AppIcon;
				ASSETCATALOG_COMPILER_GLOBAL_ACCENT_COLOR_NAME = AccentColor;
				CODE_SIGN_ENTITLEMENTS = Macro/Macro.entitlements;
				CODE_SIGN_STYLE = Automatic;
				CURRENT_PROJECT_VERSION = 1;
				DEVELOPMENT_ASSET_PATHS = "\"Macro/Preview Content\"";
				DEVELOPMENT_TEAM = NHY67K6358;
				ENABLE_PREVIEWS = YES;
				GENERATE_INFOPLIST_FILE = YES;
				INFOPLIST_FILE = Macro/Info.plist;
				INFOPLIST_KEY_UIApplicationSceneManifest_Generation = YES;
				INFOPLIST_KEY_UIApplicationSupportsIndirectInputEvents = YES;
				INFOPLIST_KEY_UILaunchScreen_Generation = YES;
				INFOPLIST_KEY_UISupportedInterfaceOrientations_iPad = "UIInterfaceOrientationPortrait UIInterfaceOrientationPortraitUpsideDown UIInterfaceOrientationLandscapeLeft UIInterfaceOrientationLandscapeRight";
				INFOPLIST_KEY_UISupportedInterfaceOrientations_iPhone = "UIInterfaceOrientationPortrait UIInterfaceOrientationLandscapeLeft UIInterfaceOrientationLandscapeRight";
				LD_RUNPATH_SEARCH_PATHS = (
					"$(inherited)",
					"@executable_path/Frameworks",
				);
				MARKETING_VERSION = 1.0;
				PRODUCT_BUNDLE_IDENTIFIER = vitorCheung.Macro;
				PRODUCT_NAME = "$(TARGET_NAME)";
				SWIFT_EMIT_LOC_STRINGS = YES;
				SWIFT_VERSION = 5.0;
				TARGETED_DEVICE_FAMILY = "1,2";
			};
			name = Debug;
		};
		06449C0D28C2922000035324 /* Release */ = {
			isa = XCBuildConfiguration;
			buildSettings = {
				ASSETCATALOG_COMPILER_APPICON_NAME = AppIcon;
				ASSETCATALOG_COMPILER_GLOBAL_ACCENT_COLOR_NAME = AccentColor;
				CODE_SIGN_ENTITLEMENTS = Macro/Macro.entitlements;
				CODE_SIGN_STYLE = Automatic;
				CURRENT_PROJECT_VERSION = 1;
				DEVELOPMENT_ASSET_PATHS = "\"Macro/Preview Content\"";
				DEVELOPMENT_TEAM = NHY67K6358;
				ENABLE_PREVIEWS = YES;
				GENERATE_INFOPLIST_FILE = YES;
				INFOPLIST_FILE = Macro/Info.plist;
				INFOPLIST_KEY_UIApplicationSceneManifest_Generation = YES;
				INFOPLIST_KEY_UIApplicationSupportsIndirectInputEvents = YES;
				INFOPLIST_KEY_UILaunchScreen_Generation = YES;
				INFOPLIST_KEY_UISupportedInterfaceOrientations_iPad = "UIInterfaceOrientationPortrait UIInterfaceOrientationPortraitUpsideDown UIInterfaceOrientationLandscapeLeft UIInterfaceOrientationLandscapeRight";
				INFOPLIST_KEY_UISupportedInterfaceOrientations_iPhone = "UIInterfaceOrientationPortrait UIInterfaceOrientationLandscapeLeft UIInterfaceOrientationLandscapeRight";
				LD_RUNPATH_SEARCH_PATHS = (
					"$(inherited)",
					"@executable_path/Frameworks",
				);
				MARKETING_VERSION = 1.0;
				PRODUCT_BUNDLE_IDENTIFIER = vitorCheung.Macro;
				PRODUCT_NAME = "$(TARGET_NAME)";
				SWIFT_EMIT_LOC_STRINGS = YES;
				SWIFT_VERSION = 5.0;
				TARGETED_DEVICE_FAMILY = "1,2";
			};
			name = Release;
		};
		06449C0F28C2922000035324 /* Debug */ = {
			isa = XCBuildConfiguration;
			buildSettings = {
				ALWAYS_EMBED_SWIFT_STANDARD_LIBRARIES = YES;
				BUNDLE_LOADER = "$(TEST_HOST)";
				CODE_SIGN_STYLE = Automatic;
				CURRENT_PROJECT_VERSION = 1;
				DEVELOPMENT_TEAM = NHY67K6358;
				GENERATE_INFOPLIST_FILE = YES;
				IPHONEOS_DEPLOYMENT_TARGET = 15.5;
				MARKETING_VERSION = 1.0;
				PRODUCT_BUNDLE_IDENTIFIER = vitorCheung.MacroTests;
				PRODUCT_NAME = "$(TARGET_NAME)";
				SWIFT_EMIT_LOC_STRINGS = NO;
				SWIFT_VERSION = 5.0;
				TARGETED_DEVICE_FAMILY = "1,2";
				TEST_HOST = "$(BUILT_PRODUCTS_DIR)/Macro.app/Macro";
			};
			name = Debug;
		};
		06449C1028C2922000035324 /* Release */ = {
			isa = XCBuildConfiguration;
			buildSettings = {
				ALWAYS_EMBED_SWIFT_STANDARD_LIBRARIES = YES;
				BUNDLE_LOADER = "$(TEST_HOST)";
				CODE_SIGN_STYLE = Automatic;
				CURRENT_PROJECT_VERSION = 1;
				DEVELOPMENT_TEAM = NHY67K6358;
				GENERATE_INFOPLIST_FILE = YES;
				IPHONEOS_DEPLOYMENT_TARGET = 15.5;
				MARKETING_VERSION = 1.0;
				PRODUCT_BUNDLE_IDENTIFIER = vitorCheung.MacroTests;
				PRODUCT_NAME = "$(TARGET_NAME)";
				SWIFT_EMIT_LOC_STRINGS = NO;
				SWIFT_VERSION = 5.0;
				TARGETED_DEVICE_FAMILY = "1,2";
				TEST_HOST = "$(BUILT_PRODUCTS_DIR)/Macro.app/Macro";
			};
			name = Release;
		};
		06449C1228C2922000035324 /* Debug */ = {
			isa = XCBuildConfiguration;
			buildSettings = {
				ALWAYS_EMBED_SWIFT_STANDARD_LIBRARIES = YES;
				CODE_SIGN_STYLE = Automatic;
				CURRENT_PROJECT_VERSION = 1;
				DEVELOPMENT_TEAM = NHY67K6358;
				GENERATE_INFOPLIST_FILE = YES;
				MARKETING_VERSION = 1.0;
				PRODUCT_BUNDLE_IDENTIFIER = vitorCheung.MacroUITests;
				PRODUCT_NAME = "$(TARGET_NAME)";
				SWIFT_EMIT_LOC_STRINGS = NO;
				SWIFT_VERSION = 5.0;
				TARGETED_DEVICE_FAMILY = "1,2";
				TEST_TARGET_NAME = Macro;
			};
			name = Debug;
		};
		06449C1328C2922000035324 /* Release */ = {
			isa = XCBuildConfiguration;
			buildSettings = {
				ALWAYS_EMBED_SWIFT_STANDARD_LIBRARIES = YES;
				CODE_SIGN_STYLE = Automatic;
				CURRENT_PROJECT_VERSION = 1;
				DEVELOPMENT_TEAM = NHY67K6358;
				GENERATE_INFOPLIST_FILE = YES;
				MARKETING_VERSION = 1.0;
				PRODUCT_BUNDLE_IDENTIFIER = vitorCheung.MacroUITests;
				PRODUCT_NAME = "$(TARGET_NAME)";
				SWIFT_EMIT_LOC_STRINGS = NO;
				SWIFT_VERSION = 5.0;
				TARGETED_DEVICE_FAMILY = "1,2";
				TEST_TARGET_NAME = Macro;
			};
			name = Release;
		};
/* End XCBuildConfiguration section */

/* Begin XCConfigurationList section */
		06449BE228C2921E00035324 /* Build configuration list for PBXProject "Macro" */ = {
			isa = XCConfigurationList;
			buildConfigurations = (
				06449C0928C2922000035324 /* Debug */,
				06449C0A28C2922000035324 /* Release */,
			);
			defaultConfigurationIsVisible = 0;
			defaultConfigurationName = Release;
		};
		06449C0B28C2922000035324 /* Build configuration list for PBXNativeTarget "Macro" */ = {
			isa = XCConfigurationList;
			buildConfigurations = (
				06449C0C28C2922000035324 /* Debug */,
				06449C0D28C2922000035324 /* Release */,
			);
			defaultConfigurationIsVisible = 0;
			defaultConfigurationName = Release;
		};
		06449C0E28C2922000035324 /* Build configuration list for PBXNativeTarget "MacroTests" */ = {
			isa = XCConfigurationList;
			buildConfigurations = (
				06449C0F28C2922000035324 /* Debug */,
				06449C1028C2922000035324 /* Release */,
			);
			defaultConfigurationIsVisible = 0;
			defaultConfigurationName = Release;
		};
		06449C1128C2922000035324 /* Build configuration list for PBXNativeTarget "MacroUITests" */ = {
			isa = XCConfigurationList;
			buildConfigurations = (
				06449C1228C2922000035324 /* Debug */,
				06449C1328C2922000035324 /* Release */,
			);
			defaultConfigurationIsVisible = 0;
			defaultConfigurationName = Release;
		};
/* End XCConfigurationList section */
	};
	rootObject = 06449BDF28C2921E00035324 /* Project object */;
}
